{
  "name": "phase32-json-planner-refiner",
  "lockfileVersion": 3,
  "requires": true,
  "packages": {
    "": {
      "dependencies": {
        "jsonrepair": "^3.13.1"
      }
    },
    "node_modules/jsonrepair": {
      "version": "3.13.1",
      "resolved": "https://registry.npmjs.org/jsonrepair/-/jsonrepair-3.13.1.tgz",
      "integrity": "sha512-WJeiE0jGfxYmtLwBTEk8+y/mYcaleyLXWaqp5bJu0/ZTSeG0KQq/wWQ8pmnkKenEdN6pdnn6QtcoSUkbqDHWNw==",
      "license": "ISC",
      "bin": {
        "jsonrepair": "bin/cli.js"
      }
    }
  }
}
